
Microsoft Visual Studio Solution File, Format Version 12.00
# Visual Studio 15
VisualStudioVersion = 15.0.27428.2037
MinimumVisualStudioVersion = 10.0.40219.1
Project("{FAE04EC0-301F-11D3-BF4B-00C04F79EFBC}") = "Universal.Web", "Universal.Web\Universal.Web.csproj", "{5141C682-01DE-44AB-80B3-8980CEBFABDA}"
EndProject
Project("{FAE04EC0-301F-11D3-BF4B-00C04F79EFBC}") = "Universal.Web.Framework", "Universal.Framework\Universal.Web.Framework.csproj", "{3DF7CA62-7579-4DD2-8687-990267DAF92D}"
EndProject
Project("{FAE04EC0-301F-11D3-BF4B-00C04F79EFBC}") = "Universal.Tools", "Universal.Tools\Universal.Tools.csproj", "{14D7EA68-6235-4D4C-BD93-894E20E14F75}"
EndProject
Project("{FAE04EC0-301F-11D3-BF4B-00C04F79EFBC}") = "Universal.DataCore", "Universal.DataCore\Universal.DataCore.csproj", "{0568B903-5079-4390-880D-DE68862E1462}"
EndProject
Project("{FAE04EC0-301F-11D3-BF4B-00C04F79EFBC}") = "Universal.Tests", "Universal.Tests\Universal.Tests.csproj", "{99FBB8D0-9F4E-4153-B180-9EFBCAADF54D}"
EndProject
Project("{FAE04EC0-301F-11D3-BF4B-00C04F79EFBC}") = "Universal.Entity", "Universal.Entity\Universal.Entity.csproj", "{67A0C808-58D1-4394-B8C5-F14925F3D5DE}"
EndProject
Project("{FAE04EC0-301F-11D3-BF4B-00C04F79EFBC}") = "Universal.BLL", "Universal.BLL\Universal.BLL.csproj", "{D291EF55-3D6D-4C5A-BE18-25875B78342E}"
EndProject
Project("{FAE04EC0-301F-11D3-BF4B-00C04F79EFBC}") = "Universal.ADO", "Universal.ADO\Universal.ADO.csproj", "{D641B56B-3FEF-4739-B149-AC5855861043}"
EndProject
Project("{FAE04EC0-301F-11D3-BF4B-00C04F79EFBC}") = "TimerQuartzService", "TimerQuartzService\TimerQuartzService.csproj", "{9E010DB4-FFB7-45FA-916F-AC3881BFC3E6}"
EndProject
Global
	GlobalSection(SolutionConfigurationPlatforms) = preSolution
		Debug|Any CPU = Debug|Any CPU
		Release|Any CPU = Release|Any CPU
	EndGlobalSection
	GlobalSection(ProjectConfigurationPlatforms) = postSolution
		{5141C682-01DE-44AB-80B3-8980CEBFABDA}.Debug|Any CPU.ActiveCfg = Debug|Any CPU
		{5141C682-01DE-44AB-80B3-8980CEBFABDA}.Debug|Any CPU.Build.0 = Debug|Any CPU
		{5141C682-01DE-44AB-80B3-8980CEBFABDA}.Release|Any CPU.ActiveCfg = Release|Any CPU
		{5141C682-01DE-44AB-80B3-8980CEBFABDA}.Release|Any CPU.Build.0 = Release|Any CPU
		{3DF7CA62-7579-4DD2-8687-990267DAF92D}.Debug|Any CPU.ActiveCfg = Debug|Any CPU
		{3DF7CA62-7579-4DD2-8687-990267DAF92D}.Debug|Any CPU.Build.0 = Debug|Any CPU
		{3DF7CA62-7579-4DD2-8687-990267DAF92D}.Release|Any CPU.ActiveCfg = Release|Any CPU
		{3DF7CA62-7579-4DD2-8687-990267DAF92D}.Release|Any CPU.Build.0 = Release|Any CPU
		{14D7EA68-6235-4D4C-BD93-894E20E14F75}.Debug|Any CPU.ActiveCfg = Debug|Any CPU
		{14D7EA68-6235-4D4C-BD93-894E20E14F75}.Debug|Any CPU.Build.0 = Debug|Any CPU
		{14D7EA68-6235-4D4C-BD93-894E20E14F75}.Release|Any CPU.ActiveCfg = Release|Any CPU
		{14D7EA68-6235-4D4C-BD93-894E20E14F75}.Release|Any CPU.Build.0 = Release|Any CPU
		{0568B903-5079-4390-880D-DE68862E1462}.Debug|Any CPU.ActiveCfg = Debug|Any CPU
		{0568B903-5079-4390-880D-DE68862E1462}.Debug|Any CPU.Build.0 = Debug|Any CPU
		{0568B903-5079-4390-880D-DE68862E1462}.Release|Any CPU.ActiveCfg = Release|Any CPU
		{0568B903-5079-4390-880D-DE68862E1462}.Release|Any CPU.Build.0 = Release|Any CPU
		{99FBB8D0-9F4E-4153-B180-9EFBCAADF54D}.Debug|Any CPU.ActiveCfg = Debug|Any CPU
		{99FBB8D0-9F4E-4153-B180-9EFBCAADF54D}.Debug|Any CPU.Build.0 = Debug|Any CPU
		{99FBB8D0-9F4E-4153-B180-9EFBCAADF54D}.Release|Any CPU.ActiveCfg = Release|Any CPU
		{99FBB8D0-9F4E-4153-B180-9EFBCAADF54D}.Release|Any CPU.Build.0 = Release|Any CPU
		{67A0C808-58D1-4394-B8C5-F14925F3D5DE}.Debug|Any CPU.ActiveCfg = Debug|Any CPU
		{67A0C808-58D1-4394-B8C5-F14925F3D5DE}.Debug|Any CPU.Build.0 = Debug|Any CPU
		{67A0C808-58D1-4394-B8C5-F14925F3D5DE}.Release|Any CPU.ActiveCfg = Release|Any CPU
		{67A0C808-58D1-4394-B8C5-F14925F3D5DE}.Release|Any CPU.Build.0 = Release|Any CPU
		{D291EF55-3D6D-4C5A-BE18-25875B78342E}.Debug|Any CPU.ActiveCfg = Debug|Any CPU
		{D291EF55-3D6D-4C5A-BE18-25875B78342E}.Debug|Any CPU.Build.0 = Debug|Any CPU
		{D291EF55-3D6D-4C5A-BE18-25875B78342E}.Release|Any CPU.ActiveCfg = Release|Any CPU
		{D291EF55-3D6D-4C5A-BE18-25875B78342E}.Release|Any CPU.Build.0 = Release|Any CPU
		{D641B56B-3FEF-4739-B149-AC5855861043}.Debug|Any CPU.ActiveCfg = Debug|Any CPU
		{D641B56B-3FEF-4739-B149-AC5855861043}.Debug|Any CPU.Build.0 = Debug|Any CPU
		{D641B56B-3FEF-4739-B149-AC5855861043}.Release|Any CPU.ActiveCfg = Release|Any CPU
		{D641B56B-3FEF-4739-B149-AC5855861043}.Release|Any CPU.Build.0 = Release|Any CPU
		{9E010DB4-FFB7-45FA-916F-AC3881BFC3E6}.Debug|Any CPU.ActiveCfg = Debug|Any CPU
		{9E010DB4-FFB7-45FA-916F-AC3881BFC3E6}.Debug|Any CPU.Build.0 = Debug|Any CPU
		{9E010DB4-FFB7-45FA-916F-AC3881BFC3E6}.Release|Any CPU.ActiveCfg = Release|Any CPU
		{9E010DB4-FFB7-45FA-916F-AC3881BFC3E6}.Release|Any CPU.Build.0 = Release|Any CPU
	EndGlobalSection
	GlobalSection(SolutionProperties) = preSolution
		HideSolutionNode = FALSE
	EndGlobalSection
	GlobalSection(ExtensibilityGlobals) = postSolution
		SolutionGuid = {D698496C-42AA-452E-9E1C-A3241C159EFF}
	EndGlobalSection
EndGlobal
